// !$*UTF8*$!
{
	archiveVersion = 1;
	classes = {
	};
	objectVersion = 50;
	objects = {

/* Begin PBXBuildFile section */
		A168B3BA22ACBB4D00340291 /* NursingFacltMapViewController.swift in Sources */ = {isa = PBXBuildFile; fileRef = A168B3B922ACBB4D00340291 /* NursingFacltMapViewController.swift */; };
		A168B3BC22ACDEA800340291 /* searchfooter.swift in Sources */ = {isa = PBXBuildFile; fileRef = A168B3BB22ACDEA800340291 /* searchfooter.swift */; };
		A168B3BE22ACE29400340291 /* Local.swift in Sources */ = {isa = PBXBuildFile; fileRef = A168B3BD22ACE29400340291 /* Local.swift */; };
		A168B3C022ACEA6200340291 /* LocalViewController.swift in Sources */ = {isa = PBXBuildFile; fileRef = A168B3BF22ACEA6200340291 /* LocalViewController.swift */; };
		A16D7FE4229ECA630019575D /* PlayFacltSearchViewController.swift in Sources */ = {isa = PBXBuildFile; fileRef = A16D7FE3229ECA630019575D /* PlayFacltSearchViewController.swift */; };
		A1711D7A22A15132001B1723 /* NursingFacltTableViewController.swift in Sources */ = {isa = PBXBuildFile; fileRef = A1711D7922A15132001B1723 /* NursingFacltTableViewController.swift */; };
		A1711D7C22A159FA001B1723 /* NursingFacltDetailTableViewController.swift in Sources */ = {isa = PBXBuildFile; fileRef = A1711D7B22A159FA001B1723 /* NursingFacltDetailTableViewController.swift */; };
		A1711D7E22A15EF7001B1723 /* LocalCenterTableViewController.swift in Sources */ = {isa = PBXBuildFile; fileRef = A1711D7D22A15EF7001B1723 /* LocalCenterTableViewController.swift */; };
		A1711D8022A16095001B1723 /* LocalCenterDetailTableViewController.swift in Sources */ = {isa = PBXBuildFile; fileRef = A1711D7F22A16095001B1723 /* LocalCenterDetailTableViewController.swift */; };
		A1736A1222A113A800F6382D /* ChildrenHouseSearchViewController.swift in Sources */ = {isa = PBXBuildFile; fileRef = A1736A1122A113A800F6382D /* ChildrenHouseSearchViewController.swift */; };
		A1736A1422A1149900F6382D /* NursingFacltSearchViewController.swift in Sources */ = {isa = PBXBuildFile; fileRef = A1736A1322A1149900F6382D /* NursingFacltSearchViewController.swift */; };
		A1736A1622A114BC00F6382D /* LocalCenterSearchViewController.swift in Sources */ = {isa = PBXBuildFile; fileRef = A1736A1522A114BC00F6382D /* LocalCenterSearchViewController.swift */; };
		A1736A1C22A1172A00F6382D /* HouseInfoTableViewController.swift in Sources */ = {isa = PBXBuildFile; fileRef = A1736A1B22A1172A00F6382D /* HouseInfoTableViewController.swift */; };
		A1736A1E22A1174D00F6382D /* HouseDetailTableViewController.swift in Sources */ = {isa = PBXBuildFile; fileRef = A1736A1D22A1174D00F6382D /* HouseDetailTableViewController.swift */; };
		A17B41A222B2362F006A6674 /* 어린이집 이미지.png in Resources */ = {isa = PBXBuildFile; fileRef = A17B41A122B2362F006A6674 /* 어린이집 이미지.png */; };
		A17B41A422B236F2006A6674 /* 놀이터 이미지.jpg in Resources */ = {isa = PBXBuildFile; fileRef = A17B41A322B236F2006A6674 /* 놀이터 이미지.jpg */; };
		A17B41A622B23828006A6674 /* 아동센터 이미지.jpg in Resources */ = {isa = PBXBuildFile; fileRef = A17B41A522B23828006A6674 /* 아동센터 이미지.jpg */; };
		A196348E229FC138000F8F31 /* MapViewController.swift in Sources */ = {isa = PBXBuildFile; fileRef = A196348D229FC138000F8F31 /* MapViewController.swift */; };
		A1963496229FC3F9000F8F31 /* PlayFaclt.swift in Sources */ = {isa = PBXBuildFile; fileRef = A1963495229FC3F9000F8F31 /* PlayFaclt.swift */; };
		A1A73CBE229F9F620091AF51 /* PlayInfoTableViewController.swift in Sources */ = {isa = PBXBuildFile; fileRef = A1A73CBD229F9F620091AF51 /* PlayInfoTableViewController.swift */; };
		A1A73CC0229F9F930091AF51 /* PlayDetailTableViewController.swift in Sources */ = {isa = PBXBuildFile; fileRef = A1A73CBF229F9F930091AF51 /* PlayDetailTableViewController.swift */; };
		A1AE4D0C2292780800DDBAE6 /* AppDelegate.swift in Sources */ = {isa = PBXBuildFile; fileRef = A1AE4D0B2292780800DDBAE6 /* AppDelegate.swift */; };
		A1AE4D0E2292780800DDBAE6 /* ViewController.swift in Sources */ = {isa = PBXBuildFile; fileRef = A1AE4D0D2292780800DDBAE6 /* ViewController.swift */; };
		A1AE4D112292780800DDBAE6 /* Main.storyboard in Resources */ = {isa = PBXBuildFile; fileRef = A1AE4D0F2292780800DDBAE6 /* Main.storyboard */; };
		A1AE4D132292780900DDBAE6 /* Assets.xcassets in Resources */ = {isa = PBXBuildFile; fileRef = A1AE4D122292780900DDBAE6 /* Assets.xcassets */; };
		A1AE4D162292780900DDBAE6 /* LaunchScreen.storyboard in Resources */ = {isa = PBXBuildFile; fileRef = A1AE4D142292780900DDBAE6 /* LaunchScreen.storyboard */; };
/* End PBXBuildFile section */

/* Begin PBXFileReference section */
		A168B3B922ACBB4D00340291 /* NursingFacltMapViewController.swift */ = {isa = PBXFileReference; lastKnownFileType = sourcecode.swift; path = NursingFacltMapViewController.swift; sourceTree = "<group>"; };
		A168B3BB22ACDEA800340291 /* searchfooter.swift */ = {isa = PBXFileReference; lastKnownFileType = sourcecode.swift; path = searchfooter.swift; sourceTree = "<group>"; };
		A168B3BD22ACE29400340291 /* Local.swift */ = {isa = PBXFileReference; lastKnownFileType = sourcecode.swift; path = Local.swift; sourceTree = "<group>"; };
		A168B3BF22ACEA6200340291 /* LocalViewController.swift */ = {isa = PBXFileReference; lastKnownFileType = sourcecode.swift; path = LocalViewController.swift; sourceTree = "<group>"; };
		A16D7FE3229ECA630019575D /* PlayFacltSearchViewController.swift */ = {isa = PBXFileReference; lastKnownFileType = sourcecode.swift; path = PlayFacltSearchViewController.swift; sourceTree = "<group>"; };
		A1711D7922A15132001B1723 /* NursingFacltTableViewController.swift */ = {isa = PBXFileReference; lastKnownFileType = sourcecode.swift; path = NursingFacltTableViewController.swift; sourceTree = "<group>"; };
		A1711D7B22A159FA001B1723 /* NursingFacltDetailTableViewController.swift */ = {isa = PBXFileReference; lastKnownFileType = sourcecode.swift; path = NursingFacltDetailTableViewController.swift; sourceTree = "<group>"; };
		A1711D7D22A15EF7001B1723 /* LocalCenterTableViewController.swift */ = {isa = PBXFileReference; lastKnownFileType = sourcecode.swift; path = LocalCenterTableViewController.swift; sourceTree = "<group>"; };
		A1711D7F22A16095001B1723 /* LocalCenterDetailTableViewController.swift */ = {isa = PBXFileReference; lastKnownFileType = sourcecode.swift; path = LocalCenterDetailTableViewController.swift; sourceTree = "<group>"; };
		A1736A1122A113A800F6382D /* ChildrenHouseSearchViewController.swift */ = {isa = PBXFileReference; lastKnownFileType = sourcecode.swift; path = ChildrenHouseSearchViewController.swift; sourceTree = "<group>"; };
		A1736A1322A1149900F6382D /* NursingFacltSearchViewController.swift */ = {isa = PBXFileReference; lastKnownFileType = sourcecode.swift; path = NursingFacltSearchViewController.swift; sourceTree = "<group>"; };
		A1736A1522A114BC00F6382D /* LocalCenterSearchViewController.swift */ = {isa = PBXFileReference; lastKnownFileType = sourcecode.swift; path = LocalCenterSearchViewController.swift; sourceTree = "<group>"; };
		A1736A1B22A1172A00F6382D /* HouseInfoTableViewController.swift */ = {isa = PBXFileReference; lastKnownFileType = sourcecode.swift; path = HouseInfoTableViewController.swift; sourceTree = "<group>"; };
		A1736A1D22A1174D00F6382D /* HouseDetailTableViewController.swift */ = {isa = PBXFileReference; lastKnownFileType = sourcecode.swift; path = HouseDetailTableViewController.swift; sourceTree = "<group>"; };
		A17B41A122B2362F006A6674 /* 어린이집 이미지.png */ = {isa = PBXFileReference; lastKnownFileType = image.png; name = "어린이집 이미지.png"; path = "../../../../../../Downloads/어린이집 이미지.png"; sourceTree = "<group>"; };
		A17B41A322B236F2006A6674 /* 놀이터 이미지.jpg */ = {isa = PBXFileReference; lastKnownFileType = image.jpeg; name = "놀이터 이미지.jpg"; path = "../../../../../../Downloads/놀이터 이미지.jpg"; sourceTree = "<group>"; };
		A17B41A522B23828006A6674 /* 아동센터 이미지.jpg */ = {isa = PBXFileReference; lastKnownFileType = image.jpeg; name = "아동센터 이미지.jpg"; path = "../../../../../../Downloads/아동센터 이미지.jpg"; sourceTree = "<group>"; };
		A196348D229FC138000F8F31 /* MapViewController.swift */ = {isa = PBXFileReference; lastKnownFileType = sourcecode.swift; path = MapViewController.swift; sourceTree = "<group>"; };
		A1963495229FC3F9000F8F31 /* PlayFaclt.swift */ = {isa = PBXFileReference; lastKnownFileType = sourcecode.swift; path = PlayFaclt.swift; sourceTree = "<group>"; };
		A1A73CBD229F9F620091AF51 /* PlayInfoTableViewController.swift */ = {isa = PBXFileReference; lastKnownFileType = sourcecode.swift; path = PlayInfoTableViewController.swift; sourceTree = "<group>"; };
		A1A73CBF229F9F930091AF51 /* PlayDetailTableViewController.swift */ = {isa = PBXFileReference; lastKnownFileType = sourcecode.swift; path = PlayDetailTableViewController.swift; sourceTree = "<group>"; };
		A1AE4D082292780800DDBAE6 /* IOS_TermProject.app */ = {isa = PBXFileReference; explicitFileType = wrapper.application; includeInIndex = 0; path = IOS_TermProject.app; sourceTree = BUILT_PRODUCTS_DIR; };
		A1AE4D0B2292780800DDBAE6 /* AppDelegate.swift */ = {isa = PBXFileReference; lastKnownFileType = sourcecode.swift; path = AppDelegate.swift; sourceTree = "<group>"; };
		A1AE4D0D2292780800DDBAE6 /* ViewController.swift */ = {isa = PBXFileReference; lastKnownFileType = sourcecode.swift; path = ViewController.swift; sourceTree = "<group>"; };
		A1AE4D102292780800DDBAE6 /* Base */ = {isa = PBXFileReference; lastKnownFileType = file.storyboard; name = Base; path = Base.lproj/Main.storyboard; sourceTree = "<group>"; };
		A1AE4D122292780900DDBAE6 /* Assets.xcassets */ = {isa = PBXFileReference; lastKnownFileType = folder.assetcatalog; path = Assets.xcassets; sourceTree = "<group>"; };
		A1AE4D152292780900DDBAE6 /* Base */ = {isa = PBXFileReference; lastKnownFileType = file.storyboard; name = Base; path = Base.lproj/LaunchScreen.storyboard; sourceTree = "<group>"; };
		A1AE4D172292780900DDBAE6 /* Info.plist */ = {isa = PBXFileReference; lastKnownFileType = text.plist.xml; path = Info.plist; sourceTree = "<group>"; };
/* End PBXFileReference section */

/* Begin PBXFrameworksBuildPhase section */
		A1AE4D052292780800DDBAE6 /* Frameworks */ = {
			isa = PBXFrameworksBuildPhase;
			buildActionMask = 2147483647;
			files = (
			);
			runOnlyForDeploymentPostprocessing = 0;
		};
/* End PBXFrameworksBuildPhase section */

/* Begin PBXGroup section */
		A1736A1722A1157E00F6382D /* PlayFaclt */ = {
			isa = PBXGroup;
			children = (
				A16D7FE3229ECA630019575D /* PlayFacltSearchViewController.swift */,
				A1A73CBD229F9F620091AF51 /* PlayInfoTableViewController.swift */,
				A1A73CBF229F9F930091AF51 /* PlayDetailTableViewController.swift */,
			);
			path = PlayFaclt;
			sourceTree = "<group>";
		};
		A1736A1822A1159900F6382D /* LocalCenter */ = {
			isa = PBXGroup;
			children = (
				A1736A1522A114BC00F6382D /* LocalCenterSearchViewController.swift */,
				A1711D7D22A15EF7001B1723 /* LocalCenterTableViewController.swift */,
				A1711D7F22A16095001B1723 /* LocalCenterDetailTableViewController.swift */,
				A168B3BD22ACE29400340291 /* Local.swift */,
				A168B3BF22ACEA6200340291 /* LocalViewController.swift */,
			);
			path = LocalCenter;
			sourceTree = "<group>";
		};
		A1736A1922A115A400F6382D /* NursingFaclt */ = {
			isa = PBXGroup;
			children = (
				A1736A1322A1149900F6382D /* NursingFacltSearchViewController.swift */,
				A1711D7922A15132001B1723 /* NursingFacltTableViewController.swift */,
				A1711D7B22A159FA001B1723 /* NursingFacltDetailTableViewController.swift */,
				A168B3B922ACBB4D00340291 /* NursingFacltMapViewController.swift */,
			);
			path = NursingFaclt;
			sourceTree = "<group>";
		};
		A1736A1A22A115AC00F6382D /* ChildrenHouse */ = {
			isa = PBXGroup;
			children = (
				A1736A1122A113A800F6382D /* ChildrenHouseSearchViewController.swift */,
				A1736A1B22A1172A00F6382D /* HouseInfoTableViewController.swift */,
				A1736A1D22A1174D00F6382D /* HouseDetailTableViewController.swift */,
			);
			path = ChildrenHouse;
			sourceTree = "<group>";
		};
		A17B41A022B23613006A6674 /* Image */ = {
			isa = PBXGroup;
			children = (
				A17B41A322B236F2006A6674 /* 놀이터 이미지.jpg */,
				A17B41A122B2362F006A6674 /* 어린이집 이미지.png */,
				A17B41A522B23828006A6674 /* 아동센터 이미지.jpg */,
			);
			path = Image;
			sourceTree = "<group>";
		};
		A1AE4CFF2292780800DDBAE6 = {
			isa = PBXGroup;
			children = (
				A1AE4D0A2292780800DDBAE6 /* IOS_TermProject */,
				A1AE4D092292780800DDBAE6 /* Products */,
			);
			sourceTree = "<group>";
		};
		A1AE4D092292780800DDBAE6 /* Products */ = {
			isa = PBXGroup;
			children = (
				A1AE4D082292780800DDBAE6 /* IOS_TermProject.app */,
			);
			name = Products;
			sourceTree = "<group>";
		};
		A1AE4D0A2292780800DDBAE6 /* IOS_TermProject */ = {
			isa = PBXGroup;
			children = (
				A17B41A022B23613006A6674 /* Image */,
				A1736A1A22A115AC00F6382D /* ChildrenHouse */,
				A1736A1922A115A400F6382D /* NursingFaclt */,
				A1736A1822A1159900F6382D /* LocalCenter */,
				A1736A1722A1157E00F6382D /* PlayFaclt */,
				A1AE4D0B2292780800DDBAE6 /* AppDelegate.swift */,
				A1AE4D0D2292780800DDBAE6 /* ViewController.swift */,
				A1AE4D0F2292780800DDBAE6 /* Main.storyboard */,
				A1AE4D122292780900DDBAE6 /* Assets.xcassets */,
				A1AE4D142292780900DDBAE6 /* LaunchScreen.storyboard */,
				A1AE4D172292780900DDBAE6 /* Info.plist */,
				A196348D229FC138000F8F31 /* MapViewController.swift */,
				A1963495229FC3F9000F8F31 /* PlayFaclt.swift */,
				A168B3BB22ACDEA800340291 /* searchfooter.swift */,
			);
			path = IOS_TermProject;
			sourceTree = "<group>";
		};
/* End PBXGroup section */

/* Begin PBXNativeTarget section */
		A1AE4D072292780800DDBAE6 /* IOS_TermProject */ = {
			isa = PBXNativeTarget;
			buildConfigurationList = A1AE4D1A2292780900DDBAE6 /* Build configuration list for PBXNativeTarget "IOS_TermProject" */;
			buildPhases = (
				A1AE4D042292780800DDBAE6 /* Sources */,
				A1AE4D052292780800DDBAE6 /* Frameworks */,
				A1AE4D062292780800DDBAE6 /* Resources */,
			);
			buildRules = (
			);
			dependencies = (
			);
			name = IOS_TermProject;
			productName = IOS_TermProject;
			productReference = A1AE4D082292780800DDBAE6 /* IOS_TermProject.app */;
			productType = "com.apple.product-type.application";
		};
/* End PBXNativeTarget section */

/* Begin PBXProject section */
		A1AE4D002292780800DDBAE6 /* Project object */ = {
			isa = PBXProject;
			attributes = {
				LastSwiftUpdateCheck = 1020;
				LastUpgradeCheck = 1020;
				ORGANIZATIONNAME = " kpugame";
				TargetAttributes = {
					A1AE4D072292780800DDBAE6 = {
						CreatedOnToolsVersion = 10.2;
					};
				};
			};
			buildConfigurationList = A1AE4D032292780800DDBAE6 /* Build configuration list for PBXProject "IOS_TermProject" */;
			compatibilityVersion = "Xcode 9.3";
			developmentRegion = en;
			hasScannedForEncodings = 0;
			knownRegions = (
				en,
				Base,
			);
			mainGroup = A1AE4CFF2292780800DDBAE6;
			productRefGroup = A1AE4D092292780800DDBAE6 /* Products */;
			projectDirPath = "";
			projectRoot = "";
			targets = (
				A1AE4D072292780800DDBAE6 /* IOS_TermProject */,
			);
		};
/* End PBXProject section */

/* Begin PBXResourcesBuildPhase section */
		A1AE4D062292780800DDBAE6 /* Resources */ = {
			isa = PBXResourcesBuildPhase;
			buildActionMask = 2147483647;
			files = (
				A17B41A422B236F2006A6674 /* 놀이터 이미지.jpg in Resources */,
				A1AE4D162292780900DDBAE6 /* LaunchScreen.storyboard in Resources */,
				A1AE4D132292780900DDBAE6 /* Assets.xcassets in Resources */,
				A17B41A622B23828006A6674 /* 아동센터 이미지.jpg in Resources */,
				A17B41A222B2362F006A6674 /* 어린이집 이미지.png in Resources */,
				A1AE4D112292780800DDBAE6 /* Main.storyboard in Resources */,
			);
			runOnlyForDeploymentPostprocessing = 0;
		};
/* End PBXResourcesBuildPhase section */

/* Begin PBXSourcesBuildPhase section */
		A1AE4D042292780800DDBAE6 /* Sources */ = {
			isa = PBXSourcesBuildPhase;
			buildActionMask = 2147483647;
			files = (
				A1736A1C22A1172A00F6382D /* HouseInfoTableViewController.swift in Sources */,
				A16D7FE4229ECA630019575D /* PlayFacltSearchViewController.swift in Sources */,
				A1711D7E22A15EF7001B1723 /* LocalCenterTableViewController.swift in Sources */,
				A1711D7C22A159FA001B1723 /* NursingFacltDetailTableViewController.swift in Sources */,
				A196348E229FC138000F8F31 /* MapViewController.swift in Sources */,
				A168B3BE22ACE29400340291 /* Local.swift in Sources */,
				A1A73CC0229F9F930091AF51 /* PlayDetailTableViewController.swift in Sources */,
				A168B3BC22ACDEA800340291 /* searchfooter.swift in Sources */,
				A1AE4D0E2292780800DDBAE6 /* ViewController.swift in Sources */,
				A1736A1E22A1174D00F6382D /* HouseDetailTableViewController.swift in Sources */,
				A168B3C022ACEA6200340291 /* LocalViewController.swift in Sources */,
				A168B3BA22ACBB4D00340291 /* NursingFacltMapViewController.swift in Sources */,
				A1736A1222A113A800F6382D /* ChildrenHouseSearchViewController.swift in Sources */,
				A1736A1622A114BC00F6382D /* LocalCenterSearchViewController.swift in Sources */,
				A1711D7A22A15132001B1723 /* NursingFacltTableViewController.swift in Sources */,
				A1711D8022A16095001B1723 /* LocalCenterDetailTableViewController.swift in Sources */,
				A1AE4D0C2292780800DDBAE6 /* AppDelegate.swift in Sources */,
				A1A73CBE229F9F620091AF51 /* PlayInfoTableViewController.swift in Sources */,
				A1736A1422A1149900F6382D /* NursingFacltSearchViewController.swift in Sources */,
				A1963496229FC3F9000F8F31 /* PlayFaclt.swift in Sources */,
			);
			runOnlyForDeploymentPostprocessing = 0;
		};
/* End PBXSourcesBuildPhase section */

/* Begin PBXVariantGroup section */
		A1AE4D0F2292780800DDBAE6 /* Main.storyboard */ = {
			isa = PBXVariantGroup;
			children = (
				A1AE4D102292780800DDBAE6 /* Base */,
			);
			name = Main.storyboard;
			sourceTree = "<group>";
		};
		A1AE4D142292780900DDBAE6 /* LaunchScreen.storyboard */ = {
			isa = PBXVariantGroup;
			children = (
				A1AE4D152292780900DDBAE6 /* Base */,
			);
			name = LaunchScreen.storyboard;
			sourceTree = "<group>";
		};
/* End PBXVariantGroup section */

/* Begin XCBuildConfiguration section */
		A1AE4D182292780900DDBAE6 /* Debug */ = {
			isa = XCBuildConfiguration;
			buildSettings = {
				ALWAYS_SEARCH_USER_PATHS = NO;
				CLANG_ANALYZER_NONNULL = YES;
				CLANG_ANALYZER_NUMBER_OBJECT_CONVERSION = YES_AGGRESSIVE;
				CLANG_CXX_LANGUAGE_STANDARD = "gnu++14";
				CLANG_CXX_LIBRARY = "libc++";
				CLANG_ENABLE_MODULES = YES;
				CLANG_ENABLE_OBJC_ARC = YES;
				CLANG_ENABLE_OBJC_WEAK = YES;
				CLANG_WARN_BLOCK_CAPTURE_AUTORELEASING = YES;
				CLANG_WARN_BOOL_CONVERSION = YES;
				CLANG_WARN_COMMA = YES;
				CLANG_WARN_CONSTANT_CONVERSION = YES;
				CLANG_WARN_DEPRECATED_OBJC_IMPLEMENTATIONS = YES;
				CLANG_WARN_DIRECT_OBJC_ISA_USAGE = YES_ERROR;
				CLANG_WARN_DOCUMENTATION_COMMENTS = YES;
				CLANG_WARN_EMPTY_BODY = YES;
				CLANG_WARN_ENUM_CONVERSION = YES;
				CLANG_WARN_INFINITE_RECURSION = YES;
				CLANG_WARN_INT_CONVERSION = YES;
				CLANG_WARN_NON_LITERAL_NULL_CONVERSION = YES;
				CLANG_WARN_OBJC_IMPLICIT_RETAIN_SELF = YES;
				CLANG_WARN_OBJC_LITERAL_CONVERSION = YES;
				CLANG_WARN_OBJC_ROOT_CLASS = YES_ERROR;
				CLANG_WARN_RANGE_LOOP_ANALYSIS = YES;
				CLANG_WARN_STRICT_PROTOTYPES = YES;
				CLANG_WARN_SUSPICIOUS_MOVE = YES;
				CLANG_WARN_UNGUARDED_AVAILABILITY = YES_AGGRESSIVE;
				CLANG_WARN_UNREACHABLE_CODE = YES;
				CLANG_WARN__DUPLICATE_METHOD_MATCH = YES;
				CODE_SIGN_IDENTITY = "iPhone Developer";
				COPY_PHASE_STRIP = NO;
				DEBUG_INFORMATION_FORMAT = dwarf;
				ENABLE_STRICT_OBJC_MSGSEND = YES;
				ENABLE_TESTABILITY = YES;
				GCC_C_LANGUAGE_STANDARD = gnu11;
				GCC_DYNAMIC_NO_PIC = NO;
				GCC_NO_COMMON_BLOCKS = YES;
				GCC_OPTIMIZATION_LEVEL = 0;
				GCC_PREPROCESSOR_DEFINITIONS = (
					"DEBUG=1",
					"$(inherited)",
				);
				GCC_WARN_64_TO_32_BIT_CONVERSION = YES;
				GCC_WARN_ABOUT_RETURN_TYPE = YES_ERROR;
				GCC_WARN_UNDECLARED_SELECTOR = YES;
				GCC_WARN_UNINITIALIZED_AUTOS = YES_AGGRESSIVE;
				GCC_WARN_UNUSED_FUNCTION = YES;
				GCC_WARN_UNUSED_VARIABLE = YES;
				IPHONEOS_DEPLOYMENT_TARGET = 12.2;
				MTL_ENABLE_DEBUG_INFO = INCLUDE_SOURCE;
				MTL_FAST_MATH = YES;
				ONLY_ACTIVE_ARCH = YES;
				SDKROOT = iphoneos;
				SWIFT_ACTIVE_COMPILATION_CONDITIONS = DEBUG;
				SWIFT_OPTIMIZATION_LEVEL = "-Onone";
			};
			name = Debug;
		};
		A1AE4D192292780900DDBAE6 /* Release */ = {
			isa = XCBuildConfiguration;
			buildSettings = {
				ALWAYS_SEARCH_USER_PATHS = NO;
				CLANG_ANALYZER_NONNULL = YES;
				CLANG_ANALYZER_NUMBER_OBJECT_CONVERSION = YES_AGGRESSIVE;
				CLANG_CXX_LANGUAGE_STANDARD = "gnu++14";
				CLANG_CXX_LIBRARY = "libc++";
				CLANG_ENABLE_MODULES = YES;
				CLANG_ENABLE_OBJC_ARC = YES;
				CLANG_ENABLE_OBJC_WEAK = YES;
				CLANG_WARN_BLOCK_CAPTURE_AUTORELEASING = YES;
				CLANG_WARN_BOOL_CONVERSION = YES;
				CLANG_WARN_COMMA = YES;
				CLANG_WARN_CONSTANT_CONVERSION = YES;
				CLANG_WARN_DEPRECATED_OBJC_IMPLEMENTATIONS = YES;
				CLANG_WARN_DIRECT_OBJC_ISA_USAGE = YES_ERROR;
				CLANG_WARN_DOCUMENTATION_COMMENTS = YES;
				CLANG_WARN_EMPTY_BODY = YES;
				CLANG_WARN_ENUM_CONVERSION = YES;
				CLANG_WARN_INFINITE_RECURSION = YES;
				CLANG_WARN_INT_CONVERSION = YES;
				CLANG_WARN_NON_LITERAL_NULL_CONVERSION = YES;
				CLANG_WARN_OBJC_IMPLICIT_RETAIN_SELF = YES;
				CLANG_WARN_OBJC_LITERAL_CONVERSION = YES;
				CLANG_WARN_OBJC_ROOT_CLASS = YES_ERROR;
				CLANG_WARN_RANGE_LOOP_ANALYSIS = YES;
				CLANG_WARN_STRICT_PROTOTYPES = YES;
				CLANG_WARN_SUSPICIOUS_MOVE = YES;
				CLANG_WARN_UNGUARDED_AVAILABILITY = YES_AGGRESSIVE;
				CLANG_WARN_UNREACHABLE_CODE = YES;
				CLANG_WARN__DUPLICATE_METHOD_MATCH = YES;
				CODE_SIGN_IDENTITY = "iPhone Developer";
				COPY_PHASE_STRIP = NO;
				DEBUG_INFORMATION_FORMAT = "dwarf-with-dsym";
				ENABLE_NS_ASSERTIONS = NO;
				ENABLE_STRICT_OBJC_MSGSEND = YES;
				GCC_C_LANGUAGE_STANDARD = gnu11;
				GCC_NO_COMMON_BLOCKS = YES;
				GCC_WARN_64_TO_32_BIT_CONVERSION = YES;
				GCC_WARN_ABOUT_RETURN_TYPE = YES_ERROR;
				GCC_WARN_UNDECLARED_SELECTOR = YES;
				GCC_WARN_UNINITIALIZED_AUTOS = YES_AGGRESSIVE;
				GCC_WARN_UNUSED_FUNCTION = YES;
				GCC_WARN_UNUSED_VARIABLE = YES;
				IPHONEOS_DEPLOYMENT_TARGET = 12.2;
				MTL_ENABLE_DEBUG_INFO = NO;
				MTL_FAST_MATH = YES;
				SDKROOT = iphoneos;
				SWIFT_COMPILATION_MODE = wholemodule;
				SWIFT_OPTIMIZATION_LEVEL = "-O";
				VALIDATE_PRODUCT = YES;
			};
			name = Release;
		};
		A1AE4D1B2292780900DDBAE6 /* Debug */ = {
			isa = XCBuildConfiguration;
			buildSettings = {
				ASSETCATALOG_COMPILER_APPICON_NAME = AppIcon;
				CODE_SIGN_STYLE = Automatic;
				INFOPLIST_FILE = IOS_TermProject/Info.plist;
				LD_RUNPATH_SEARCH_PATHS = (
					"$(inherited)",
					"@executable_path/Frameworks",
				);
				PRODUCT_BUNDLE_IDENTIFIER = "gogleearth.IOS-TermProject";
				PRODUCT_NAME = "$(TARGET_NAME)";
				SWIFT_VERSION = 5.0;
				TARGETED_DEVICE_FAMILY = "1,2";
			};
			name = Debug;
		};
		A1AE4D1C2292780900DDBAE6 /* Release */ = {
			isa = XCBuildConfiguration;
			buildSettings = {
				ASSETCATALOG_COMPILER_APPICON_NAME = AppIcon;
				CODE_SIGN_STYLE = Automatic;
				INFOPLIST_FILE = IOS_TermProject/Info.plist;
				LD_RUNPATH_SEARCH_PATHS = (
					"$(inherited)",
					"@executable_path/Frameworks",
				);
				PRODUCT_BUNDLE_IDENTIFIER = "gogleearth.IOS-TermProject";
				PRODUCT_NAME = "$(TARGET_NAME)";
				SWIFT_VERSION = 5.0;
				TARGETED_DEVICE_FAMILY = "1,2";
			};
			name = Release;
		};
/* End XCBuildConfiguration section */

/* Begin XCConfigurationList section */
		A1AE4D032292780800DDBAE6 /* Build configuration list for PBXProject "IOS_TermProject" */ = {
			isa = XCConfigurationList;
			buildConfigurations = (
				A1AE4D182292780900DDBAE6 /* Debug */,
				A1AE4D192292780900DDBAE6 /* Release */,
			);
			defaultConfigurationIsVisible = 0;
			defaultConfigurationName = Release;
		};
		A1AE4D1A2292780900DDBAE6 /* Build configuration list for PBXNativeTarget "IOS_TermProject" */ = {
			isa = XCConfigurationList;
			buildConfigurations = (
				A1AE4D1B2292780900DDBAE6 /* Debug */,
				A1AE4D1C2292780900DDBAE6 /* Release */,
			);
			defaultConfigurationIsVisible = 0;
			defaultConfigurationName = Release;
		};
/* End XCConfigurationList section */
	};
	rootObject = A1AE4D002292780800DDBAE6 /* Project object */;
}
